
Microsoft Visual Studio Solution File, Format Version 12.00
# Visual Studio 2013
VisualStudioVersion = 12.0.21005.1
MinimumVisualStudioVersion = 10.0.40219.1
Project("{F184B08F-C81C-45F6-A57F-5ABD9991F28F}") = "CAPA ACCESO DATOS", "CAPA ACCESO DATOS\CAPA ACCESO DATOS.vbproj", "{5B7B05C7-5D67-457C-B7AC-6442DC9E9693}"
EndProject
Project("{F184B08F-C81C-45F6-A57F-5ABD9991F28F}") = "CAPA_NEGOCIO", "CAPA_NEGOCIO\CAPA_NEGOCIO.vbproj", "{0CFF4F39-9291-4239-91C5-5F75676B2ACA}"
EndProject
Project("{F184B08F-C81C-45F6-A57F-5ABD9991F28F}") = "CAPA_PRESENTACION", "CAPA_PRESENTACION\CAPA_PRESENTACION.vbproj", "{FDA70FD2-0826-4D1F-9884-402A9BE29912}"
EndProject
Global
	GlobalSection(SolutionConfigurationPlatforms) = preSolution
		Debug|Any CPU = Debug|Any CPU
		Release|Any CPU = Release|Any CPU
	EndGlobalSection
	GlobalSection(ProjectConfigurationPlatforms) = postSolution
		{5B7B05C7-5D67-457C-B7AC-6442DC9E9693}.Debug|Any CPU.ActiveCfg = Debug|Any CPU
		{5B7B05C7-5D67-457C-B7AC-6442DC9E9693}.Debug|Any CPU.Build.0 = Debug|Any CPU
		{5B7B05C7-5D67-457C-B7AC-6442DC9E9693}.Release|Any CPU.ActiveCfg = Release|Any CPU
		{5B7B05C7-5D67-457C-B7AC-6442DC9E9693}.Release|Any CPU.Build.0 = Release|Any CPU
		{0CFF4F39-9291-4239-91C5-5F75676B2ACA}.Debug|Any CPU.ActiveCfg = Debug|Any CPU
		{0CFF4F39-9291-4239-91C5-5F75676B2ACA}.Debug|Any CPU.Build.0 = Debug|Any CPU
		{0CFF4F39-9291-4239-91C5-5F75676B2ACA}.Release|Any CPU.ActiveCfg = Release|Any CPU
		{0CFF4F39-9291-4239-91C5-5F75676B2ACA}.Release|Any CPU.Build.0 = Release|Any CPU
		{FDA70FD2-0826-4D1F-9884-402A9BE29912}.Debug|Any CPU.ActiveCfg = Debug|Any CPU
		{FDA70FD2-0826-4D1F-9884-402A9BE29912}.Debug|Any CPU.Build.0 = Debug|Any CPU
		{FDA70FD2-0826-4D1F-9884-402A9BE29912}.Release|Any CPU.ActiveCfg = Release|Any CPU
		{FDA70FD2-0826-4D1F-9884-402A9BE29912}.Release|Any CPU.Build.0 = Release|Any CPU
	EndGlobalSection
	GlobalSection(SolutionProperties) = preSolution
		HideSolutionNode = FALSE
	EndGlobalSection
EndGlobal
